
Microsoft Visual Studio Solution File, Format Version 12.00
# Visual Studio Version 16
VisualStudioVersion = 16.0.30804.86
MinimumVisualStudioVersion = 10.0.40219.1
Project("{FAE04EC0-301F-11D3-BF4B-00C04F79EFBC}") = "portfolioApp.Android", "portfolioApp\portfolioApp.Android\portfolioApp.Android.csproj", "{2714746E-DD2F-40B2-84A1-225DCFA36623}"
EndProject
Project("{FAE04EC0-301F-11D3-BF4B-00C04F79EFBC}") = "portfolioApp.iOS", "portfolioApp\portfolioApp.iOS\portfolioApp.iOS.csproj", "{FC510A82-0843-4D07-9047-8E48580DA068}"
EndProject
Project("{FAE04EC0-301F-11D3-BF4B-00C04F79EFBC}") = "portfolioApp", "portfolioApp\portfolioApp\portfolioApp.csproj", "{2AC767A1-E720-4923-B045-D5409B08BBB1}"
EndProject
Global
	GlobalSection(SolutionConfigurationPlatforms) = preSolution
		Debug|Any CPU = Debug|Any CPU
		Debug|iPhone = Debug|iPhone
		Debug|iPhoneSimulator = Debug|iPhoneSimulator
		Release|Any CPU = Release|Any CPU
		Release|iPhone = Release|iPhone
		Release|iPhoneSimulator = Release|iPhoneSimulator
	EndGlobalSection
	GlobalSection(ProjectConfigurationPlatforms) = postSolution
		{2714746E-DD2F-40B2-84A1-225DCFA36623}.Debug|Any CPU.ActiveCfg = Debug|Any CPU
		{2714746E-DD2F-40B2-84A1-225DCFA36623}.Debug|Any CPU.Build.0 = Debug|Any CPU
		{2714746E-DD2F-40B2-84A1-225DCFA36623}.Debug|Any CPU.Deploy.0 = Debug|Any CPU
		{2714746E-DD2F-40B2-84A1-225DCFA36623}.Debug|iPhone.ActiveCfg = Debug|Any CPU
		{2714746E-DD2F-40B2-84A1-225DCFA36623}.Debug|iPhone.Build.0 = Debug|Any CPU
		{2714746E-DD2F-40B2-84A1-225DCFA36623}.Debug|iPhone.Deploy.0 = Debug|Any CPU
		{2714746E-DD2F-40B2-84A1-225DCFA36623}.Debug|iPhoneSimulator.ActiveCfg = Debug|Any CPU
		{2714746E-DD2F-40B2-84A1-225DCFA36623}.Debug|iPhoneSimulator.Build.0 = Debug|Any CPU
		{2714746E-DD2F-40B2-84A1-225DCFA36623}.Debug|iPhoneSimulator.Deploy.0 = Debug|Any CPU
		{2714746E-DD2F-40B2-84A1-225DCFA36623}.Release|Any CPU.ActiveCfg = Release|Any CPU
		{2714746E-DD2F-40B2-84A1-225DCFA36623}.Release|Any CPU.Build.0 = Release|Any CPU
		{2714746E-DD2F-40B2-84A1-225DCFA36623}.Release|Any CPU.Deploy.0 = Release|Any CPU
		{2714746E-DD2F-40B2-84A1-225DCFA36623}.Release|iPhone.ActiveCfg = Release|Any CPU
		{2714746E-DD2F-40B2-84A1-225DCFA36623}.Release|iPhone.Build.0 = Release|Any CPU
		{2714746E-DD2F-40B2-84A1-225DCFA36623}.Release|iPhone.Deploy.0 = Release|Any CPU
		{2714746E-DD2F-40B2-84A1-225DCFA36623}.Release|iPhoneSimulator.ActiveCfg = Release|Any CPU
		{2714746E-DD2F-40B2-84A1-225DCFA36623}.Release|iPhoneSimulator.Build.0 = Release|Any CPU
		{2714746E-DD2F-40B2-84A1-225DCFA36623}.Release|iPhoneSimulator.Deploy.0 = Release|Any CPU
		{FC510A82-0843-4D07-9047-8E48580DA068}.Debug|Any CPU.ActiveCfg = Debug|iPhone
		{FC510A82-0843-4D07-9047-8E48580DA068}.Debug|Any CPU.Build.0 = Debug|iPhone
		{FC510A82-0843-4D07-9047-8E48580DA068}.Debug|Any CPU.Deploy.0 = Debug|iPhone
		{FC510A82-0843-4D07-9047-8E48580DA068}.Debug|iPhone.ActiveCfg = Debug|iPhone
		{FC510A82-0843-4D07-9047-8E48580DA068}.Debug|iPhone.Build.0 = Debug|iPhone
		{FC510A82-0843-4D07-9047-8E48580DA068}.Debug|iPhone.Deploy.0 = Debug|iPhone
		{FC510A82-0843-4D07-9047-8E48580DA068}.Debug|iPhoneSimulator.ActiveCfg = Debug|iPhoneSimulator
		{FC510A82-0843-4D07-9047-8E48580DA068}.Debug|iPhoneSimulator.Build.0 = Debug|iPhoneSimulator
		{FC510A82-0843-4D07-9047-8E48580DA068}.Debug|iPhoneSimulator.Deploy.0 = Debug|iPhoneSimulator
		{FC510A82-0843-4D07-9047-8E48580DA068}.Release|Any CPU.ActiveCfg = Release|iPhoneSimulator
		{FC510A82-0843-4D07-9047-8E48580DA068}.Release|Any CPU.Build.0 = Release|iPhoneSimulator
		{FC510A82-0843-4D07-9047-8E48580DA068}.Release|Any CPU.Deploy.0 = Release|iPhoneSimulator
		{FC510A82-0843-4D07-9047-8E48580DA068}.Release|iPhone.ActiveCfg = Release|iPhone
		{FC510A82-0843-4D07-9047-8E48580DA068}.Release|iPhone.Build.0 = Release|iPhone
		{FC510A82-0843-4D07-9047-8E48580DA068}.Release|iPhone.Deploy.0 = Release|iPhone
		{FC510A82-0843-4D07-9047-8E48580DA068}.Release|iPhoneSimulator.ActiveCfg = Release|iPhoneSimulator
		{FC510A82-0843-4D07-9047-8E48580DA068}.Release|iPhoneSimulator.Build.0 = Release|iPhoneSimulator
		{FC510A82-0843-4D07-9047-8E48580DA068}.Release|iPhoneSimulator.Deploy.0 = Release|iPhoneSimulator
		{2AC767A1-E720-4923-B045-D5409B08BBB1}.Debug|Any CPU.ActiveCfg = Debug|Any CPU
		{2AC767A1-E720-4923-B045-D5409B08BBB1}.Debug|Any CPU.Build.0 = Debug|Any CPU
		{2AC767A1-E720-4923-B045-D5409B08BBB1}.Debug|Any CPU.Deploy.0 = Debug|Any CPU
		{2AC767A1-E720-4923-B045-D5409B08BBB1}.Debug|iPhone.ActiveCfg = Debug|Any CPU
		{2AC767A1-E720-4923-B045-D5409B08BBB1}.Debug|iPhone.Build.0 = Debug|Any CPU
		{2AC767A1-E720-4923-B045-D5409B08BBB1}.Debug|iPhone.Deploy.0 = Debug|Any CPU
		{2AC767A1-E720-4923-B045-D5409B08BBB1}.Debug|iPhoneSimulator.ActiveCfg = Debug|Any CPU
		{2AC767A1-E720-4923-B045-D5409B08BBB1}.Debug|iPhoneSimulator.Build.0 = Debug|Any CPU
		{2AC767A1-E720-4923-B045-D5409B08BBB1}.Debug|iPhoneSimulator.Deploy.0 = Debug|Any CPU
		{2AC767A1-E720-4923-B045-D5409B08BBB1}.Release|Any CPU.ActiveCfg = Release|Any CPU
		{2AC767A1-E720-4923-B045-D5409B08BBB1}.Release|Any CPU.Build.0 = Release|Any CPU
		{2AC767A1-E720-4923-B045-D5409B08BBB1}.Release|Any CPU.Deploy.0 = Release|Any CPU
		{2AC767A1-E720-4923-B045-D5409B08BBB1}.Release|iPhone.ActiveCfg = Release|Any CPU
		{2AC767A1-E720-4923-B045-D5409B08BBB1}.Release|iPhone.Build.0 = Release|Any CPU
		{2AC767A1-E720-4923-B045-D5409B08BBB1}.Release|iPhone.Deploy.0 = Release|Any CPU
		{2AC767A1-E720-4923-B045-D5409B08BBB1}.Release|iPhoneSimulator.ActiveCfg = Release|Any CPU
		{2AC767A1-E720-4923-B045-D5409B08BBB1}.Release|iPhoneSimulator.Build.0 = Release|Any CPU
		{2AC767A1-E720-4923-B045-D5409B08BBB1}.Release|iPhoneSimulator.Deploy.0 = Release|Any CPU
	EndGlobalSection
	GlobalSection(SolutionProperties) = preSolution
		HideSolutionNode = FALSE
	EndGlobalSection
	GlobalSection(ExtensibilityGlobals) = postSolution
		SolutionGuid = {C11BDA63-9F4A-42C4-82A0-ECAAD0C53846}
	EndGlobalSection
EndGlobal
